<Solution>
  <Configurations>
    <Platform Name="ARM64" />
    <Platform Name="x64" />
  </Configurations>
  <Folder Name="/Solution Items/">
    <File Path=".editorconfig" />
    <File Path="Directory.Build.props" />
    <File Path="Directory.Build.targets" />
    <File Path="Directory.Packages.props" />
  </Folder>
  <Project Path="ImageGlass.Lib/ImageGlass.Lib.csproj">
    <Platform Solution="*|ARM64" Project="ARM64" />
    <Platform Solution="*|x64" Project="x64" />
  </Project>
  <Project Path="ImageGlass.Linux/ImageGlass.Linux.csproj" Id="c5199e3e-1f92-4670-a1b9-725c48c31149">
    <Platform Solution="*|ARM64" Project="ARM64" />
    <Platform Solution="*|x64" Project="x64" />
  </Project>
  <Project Path="ImageGlass.Mac/ImageGlass.Mac.csproj" Id="dbbfcff9-2985-41d3-ba76-170bad472f30">
    <Platform Solution="*|ARM64" Project="ARM64" />
    <Platform Solution="*|x64" Project="x64" />
  </Project>
  <Project Path="ImageGlass.Win32/ImageGlass.Win32.csproj">
    <Platform Solution="*|ARM64" Project="ARM64" />
    <Platform Solution="*|x64" Project="x64" />
  </Project>
</Solution>
